
Microsoft Visual Studio Solution File, Format Version 12.00
# Visual Studio Version 17
VisualStudioVersion = 17.8.34316.72
MinimumVisualStudioVersion = 10.0.40219.1
Project("{FAE04EC0-301F-11D3-BF4B-00C04F79EFBC}") = "KonyvtarAsztaliWPF", "KonyvtarAsztaliWPF.csproj", "{EB0FE5DF-7261-4DDD-BADD-66E50F3704CF}"
EndProject
Global
	GlobalSection(SolutionConfigurationPlatforms) = preSolution
		Debug|Any CPU = Debug|Any CPU
		Release|Any CPU = Release|Any CPU
	EndGlobalSection
	GlobalSection(ProjectConfigurationPlatforms) = postSolution
		{EB0FE5DF-7261-4DDD-BADD-66E50F3704CF}.Debug|Any CPU.ActiveCfg = Debug|Any CPU
		{EB0FE5DF-7261-4DDD-BADD-66E50F3704CF}.Debug|Any CPU.Build.0 = Debug|Any CPU
		{EB0FE5DF-7261-4DDD-BADD-66E50F3704CF}.Release|Any CPU.ActiveCfg = Release|Any CPU
		{EB0FE5DF-7261-4DDD-BADD-66E50F3704CF}.Release|Any CPU.Build.0 = Release|Any CPU
	EndGlobalSection
	GlobalSection(SolutionProperties) = preSolution
		HideSolutionNode = FALSE
	EndGlobalSection
	GlobalSection(ExtensibilityGlobals) = postSolution
		SolutionGuid = {AD8DAE2F-9BB8-482E-B219-617B48E2F992}
	EndGlobalSection
EndGlobal
